
Microsoft Visual Studio Solution File, Format Version 12.00
# Visual Studio Version 17
VisualStudioVersion = 17.7.34031.279
MinimumVisualStudioVersion = 10.0.40219.1
Project("{FAE04EC0-301F-11D3-BF4B-00C04F79EFBC}") = "Homework_25_11_2023", "Homework_25_11_2023\Homework_25_11_2023.csproj", "{D4E00DC5-DA39-4300-ACFC-07F938E92208}"
EndProject
Global
	GlobalSection(SolutionConfigurationPlatforms) = preSolution
		Debug|Any CPU = Debug|Any CPU
		Release|Any CPU = Release|Any CPU
	EndGlobalSection
	GlobalSection(ProjectConfigurationPlatforms) = postSolution
		{D4E00DC5-DA39-4300-ACFC-07F938E92208}.Debug|Any CPU.ActiveCfg = Debug|Any CPU
		{D4E00DC5-DA39-4300-ACFC-07F938E92208}.Debug|Any CPU.Build.0 = Debug|Any CPU
		{D4E00DC5-DA39-4300-ACFC-07F938E92208}.Release|Any CPU.ActiveCfg = Release|Any CPU
		{D4E00DC5-DA39-4300-ACFC-07F938E92208}.Release|Any CPU.Build.0 = Release|Any CPU
	EndGlobalSection
	GlobalSection(SolutionProperties) = preSolution
		HideSolutionNode = FALSE
	EndGlobalSection
	GlobalSection(ExtensibilityGlobals) = postSolution
		SolutionGuid = {9F21E3E4-6C9C-4FF3-9A37-61627665343D}
	EndGlobalSection
EndGlobal
